
Microsoft Visual Studio Solution File, Format Version 12.00
Project("{FAE04EC0-301F-11D3-BF4B-00C04F79EFBC}") = "KASP_1_1_Console", "KASP_1_1_Console\KASP_1_1_Console.csproj", "{BE3D963B-135A-4816-BB43-25B0249A2EFB}"
EndProject
Global
	GlobalSection(SolutionConfigurationPlatforms) = preSolution
		Debug|Any CPU = Debug|Any CPU
		Release|Any CPU = Release|Any CPU
	EndGlobalSection
	GlobalSection(ProjectConfigurationPlatforms) = postSolution
		{BE3D963B-135A-4816-BB43-25B0249A2EFB}.Debug|Any CPU.ActiveCfg = Debug|Any CPU
		{BE3D963B-135A-4816-BB43-25B0249A2EFB}.Debug|Any CPU.Build.0 = Debug|Any CPU
		{BE3D963B-135A-4816-BB43-25B0249A2EFB}.Release|Any CPU.ActiveCfg = Release|Any CPU
		{BE3D963B-135A-4816-BB43-25B0249A2EFB}.Release|Any CPU.Build.0 = Release|Any CPU
	EndGlobalSection
EndGlobal
